{
  "name": "meu-projeto-stv",
  "version": "1.0.0",
  "dependencies": {
    "vite": "^3.0.0",
    "@sveltejs/vite-plugin-svelte": "^2.4.1",
    "@vercel/analytics": "^1.1.1"
  },
  "devDependencies": {
    "autoprefixer": "^10.4.14",
    "postcss": "^8.4.24",
    "@tsconfig/svelte": "^4.0.1",
    "eslint": "^7.32.0",
    "prettier": "^2.5.1"
  },
  "engines": {
    "node": ">=14"
  },
  "optionalDependencies": {
    "sass": {
      "optional": true
    },
    "stylus": {
      "optional": true
    },
    "typescript": {
      "optional": true
    },
    "pug": {
      "optional": true
    },
    "sugarss": {
      "optional": true
    },
    "terser": {
      "optional": true
    }
  },
  "recommendations": [
    "svelte.svelte-vscode"
  ]
}